// !$*UTF8*$!
{
	archiveVersion = 1;
	classes = {
	};
	objectVersion = 50;
	objects = {

/* Begin PBXBuildFile section */
		CC175EB221AC7E8D00865EBA /* AppDelegate.swift in Sources */ = {isa = PBXBuildFile; fileRef = CC175EB121AC7E8D00865EBA /* AppDelegate.swift */; };
		CC175EB421AC7E8D00865EBA /* ViewController.swift in Sources */ = {isa = PBXBuildFile; fileRef = CC175EB321AC7E8D00865EBA /* ViewController.swift */; };
		CC175EB721AC7E8D00865EBA /* Main.storyboard in Resources */ = {isa = PBXBuildFile; fileRef = CC175EB521AC7E8D00865EBA /* Main.storyboard */; };
		CC175EB921AC7E8E00865EBA /* Assets.xcassets in Resources */ = {isa = PBXBuildFile; fileRef = CC175EB821AC7E8E00865EBA /* Assets.xcassets */; };
		CC175EBC21AC7E8E00865EBA /* LaunchScreen.storyboard in Resources */ = {isa = PBXBuildFile; fileRef = CC175EBA21AC7E8E00865EBA /* LaunchScreen.storyboard */; };
		CCC6FCCD21ACAB2400A66699 /* note4.wav in Resources */ = {isa = PBXBuildFile; fileRef = CCC6FCC621ACAB2400A66699 /* note4.wav */; };
		CCC6FCCE21ACAB2400A66699 /* note5.wav in Resources */ = {isa = PBXBuildFile; fileRef = CCC6FCC721ACAB2400A66699 /* note5.wav */; };
		CCC6FCCF21ACAB2400A66699 /* note7.wav in Resources */ = {isa = PBXBuildFile; fileRef = CCC6FCC821ACAB2400A66699 /* note7.wav */; };
		CCC6FCD021ACAB2400A66699 /* note6.wav in Resources */ = {isa = PBXBuildFile; fileRef = CCC6FCC921ACAB2400A66699 /* note6.wav */; };
		CCC6FCD121ACAB2400A66699 /* note2.wav in Resources */ = {isa = PBXBuildFile; fileRef = CCC6FCCA21ACAB2400A66699 /* note2.wav */; };
		CCC6FCD221ACAB2400A66699 /* note3.wav in Resources */ = {isa = PBXBuildFile; fileRef = CCC6FCCB21ACAB2400A66699 /* note3.wav */; };
		CCC6FCD321ACAB2400A66699 /* note1.wav in Resources */ = {isa = PBXBuildFile; fileRef = CCC6FCCC21ACAB2400A66699 /* note1.wav */; };
/* End PBXBuildFile section */

/* Begin PBXFileReference section */
		CC175EAE21AC7E8D00865EBA /* Xylophone.app */ = {isa = PBXFileReference; explicitFileType = wrapper.application; includeInIndex = 0; path = Xylophone.app; sourceTree = BUILT_PRODUCTS_DIR; };
		CC175EB121AC7E8D00865EBA /* AppDelegate.swift */ = {isa = PBXFileReference; lastKnownFileType = sourcecode.swift; path = AppDelegate.swift; sourceTree = "<group>"; };
		CC175EB321AC7E8D00865EBA /* ViewController.swift */ = {isa = PBXFileReference; lastKnownFileType = sourcecode.swift; path = ViewController.swift; sourceTree = "<group>"; };
		CC175EB621AC7E8D00865EBA /* Base */ = {isa = PBXFileReference; lastKnownFileType = file.storyboard; name = Base; path = Base.lproj/Main.storyboard; sourceTree = "<group>"; };
		CC175EB821AC7E8E00865EBA /* Assets.xcassets */ = {isa = PBXFileReference; lastKnownFileType = folder.assetcatalog; path = Assets.xcassets; sourceTree = "<group>"; };
		CC175EBB21AC7E8E00865EBA /* Base */ = {isa = PBXFileReference; lastKnownFileType = file.storyboard; name = Base; path = Base.lproj/LaunchScreen.storyboard; sourceTree = "<group>"; };
		CC175EBD21AC7E8E00865EBA /* Info.plist */ = {isa = PBXFileReference; lastKnownFileType = text.plist.xml; path = Info.plist; sourceTree = "<group>"; };
		CCC6FCC621ACAB2400A66699 /* note4.wav */ = {isa = PBXFileReference; lastKnownFileType = audio.wav; path = note4.wav; sourceTree = "<group>"; };
		CCC6FCC721ACAB2400A66699 /* note5.wav */ = {isa = PBXFileReference; lastKnownFileType = audio.wav; path = note5.wav; sourceTree = "<group>"; };
		CCC6FCC821ACAB2400A66699 /* note7.wav */ = {isa = PBXFileReference; lastKnownFileType = audio.wav; path = note7.wav; sourceTree = "<group>"; };
		CCC6FCC921ACAB2400A66699 /* note6.wav */ = {isa = PBXFileReference; lastKnownFileType = audio.wav; path = note6.wav; sourceTree = "<group>"; };
		CCC6FCCA21ACAB2400A66699 /* note2.wav */ = {isa = PBXFileReference; lastKnownFileType = audio.wav; path = note2.wav; sourceTree = "<group>"; };
		CCC6FCCB21ACAB2400A66699 /* note3.wav */ = {isa = PBXFileReference; lastKnownFileType = audio.wav; path = note3.wav; sourceTree = "<group>"; };
		CCC6FCCC21ACAB2400A66699 /* note1.wav */ = {isa = PBXFileReference; lastKnownFileType = audio.wav; path = note1.wav; sourceTree = "<group>"; };
/* End PBXFileReference section */

/* Begin PBXFrameworksBuildPhase section */
		CC175EAB21AC7E8D00865EBA /* Frameworks */ = {
			isa = PBXFrameworksBuildPhase;
			buildActionMask = 2147483647;
			files = (
			);
			runOnlyForDeploymentPostprocessing = 0;
		};
/* End PBXFrameworksBuildPhase section */

/* Begin PBXGroup section */
		CC175EA521AC7E8D00865EBA = {
			isa = PBXGroup;
			children = (
				CC175EB021AC7E8D00865EBA /* Xylophone */,
				CC175EAF21AC7E8D00865EBA /* Products */,
			);
			sourceTree = "<group>";
		};
		CC175EAF21AC7E8D00865EBA /* Products */ = {
			isa = PBXGroup;
			children = (
				CC175EAE21AC7E8D00865EBA /* Xylophone.app */,
			);
			name = Products;
			sourceTree = "<group>";
		};
		CC175EB021AC7E8D00865EBA /* Xylophone */ = {
			isa = PBXGroup;
			children = (
				CC175EB121AC7E8D00865EBA /* AppDelegate.swift */,
				CC175EB321AC7E8D00865EBA /* ViewController.swift */,
				CC175EB521AC7E8D00865EBA /* Main.storyboard */,
				CC175EB821AC7E8E00865EBA /* Assets.xcassets */,
				CC175EBA21AC7E8E00865EBA /* LaunchScreen.storyboard */,
				CC175EBD21AC7E8E00865EBA /* Info.plist */,
				CCC6FCC521ACAB2400A66699 /* Sound Files */,
			);
			path = Xylophone;
			sourceTree = "<group>";
		};
		CCC6FCC521ACAB2400A66699 /* Sound Files */ = {
			isa = PBXGroup;
			children = (
				CCC6FCC621ACAB2400A66699 /* note4.wav */,
				CCC6FCC721ACAB2400A66699 /* note5.wav */,
				CCC6FCC821ACAB2400A66699 /* note7.wav */,
				CCC6FCC921ACAB2400A66699 /* note6.wav */,
				CCC6FCCA21ACAB2400A66699 /* note2.wav */,
				CCC6FCCB21ACAB2400A66699 /* note3.wav */,
				CCC6FCCC21ACAB2400A66699 /* note1.wav */,
			);
			path = "Sound Files";
			sourceTree = "<group>";
		};
/* End PBXGroup section */

/* Begin PBXNativeTarget section */
		CC175EAD21AC7E8D00865EBA /* Xylophone */ = {
			isa = PBXNativeTarget;
			buildConfigurationList = CC175EC021AC7E8E00865EBA /* Build configuration list for PBXNativeTarget "Xylophone" */;
			buildPhases = (
				CC175EAA21AC7E8D00865EBA /* Sources */,
				CC175EAB21AC7E8D00865EBA /* Frameworks */,
				CC175EAC21AC7E8D00865EBA /* Resources */,
			);
			buildRules = (
			);
			dependencies = (
			);
			name = Xylophone;
			productName = Xylophone;
			productReference = CC175EAE21AC7E8D00865EBA /* Xylophone.app */;
			productType = "com.apple.product-type.application";
		};
/* End PBXNativeTarget section */

/* Begin PBXProject section */
		CC175EA621AC7E8D00865EBA /* Project object */ = {
			isa = PBXProject;
			attributes = {
				LastSwiftUpdateCheck = 1010;
				LastUpgradeCheck = 1320;
				ORGANIZATIONNAME = "Julien Shim";
				TargetAttributes = {
					CC175EAD21AC7E8D00865EBA = {
						CreatedOnToolsVersion = 10.1;
						LastSwiftMigration = 1320;
					};
				};
			};
			buildConfigurationList = CC175EA921AC7E8D00865EBA /* Build configuration list for PBXProject "Xylophone" */;
			compatibilityVersion = "Xcode 9.3";
			developmentRegion = en;
			hasScannedForEncodings = 0;
			knownRegions = (
				en,
				Base,
			);
			mainGroup = CC175EA521AC7E8D00865EBA;
			productRefGroup = CC175EAF21AC7E8D00865EBA /* Products */;
			projectDirPath = "";
			projectRoot = "";
			targets = (
				CC175EAD21AC7E8D00865EBA /* Xylophone */,
			);
		};
/* End PBXProject section */

/* Begin PBXResourcesBuildPhase section */
		CC175EAC21AC7E8D00865EBA /* Resources */ = {
			isa = PBXResourcesBuildPhase;
			buildActionMask = 2147483647;
			files = (
				CCC6FCD221ACAB2400A66699 /* note3.wav in Resources */,
				CCC6FCCF21ACAB2400A66699 /* note7.wav in Resources */,
				CCC6FCCE21ACAB2400A66699 /* note5.wav in Resources */,
				CC175EBC21AC7E8E00865EBA /* LaunchScreen.storyboard in Resources */,
				CCC6FCD021ACAB2400A66699 /* note6.wav in Resources */,
				CC175EB921AC7E8E00865EBA /* Assets.xcassets in Resources */,
				CCC6FCD121ACAB2400A66699 /* note2.wav in Resources */,
				CC175EB721AC7E8D00865EBA /* Main.storyboard in Resources */,
				CCC6FCD321ACAB2400A66699 /* note1.wav in Resources */,
				CCC6FCCD21ACAB2400A66699 /* note4.wav in Resources */,
			);
			runOnlyForDeploymentPostprocessing = 0;
		};
/* End PBXResourcesBuildPhase section */

/* Begin PBXSourcesBuildPhase section */
		CC175EAA21AC7E8D00865EBA /* Sources */ = {
			isa = PBXSourcesBuildPhase;
			buildActionMask = 2147483647;
			files = (
				CC175EB421AC7E8D00865EBA /* ViewController.swift in Sources */,
				CC175EB221AC7E8D00865EBA /* AppDelegate.swift in Sources */,
			);
			runOnlyForDeploymentPostprocessing = 0;
		};
/* End PBXSourcesBuildPhase section */

/* Begin PBXVariantGroup section */
		CC175EB521AC7E8D00865EBA /* Main.storyboard */ = {
			isa = PBXVariantGroup;
			children = (
				CC175EB621AC7E8D00865EBA /* Base */,
			);
			name = Main.storyboard;
			sourceTree = "<group>";
		};
		CC175EBA21AC7E8E00865EBA /* LaunchScreen.storyboard */ = {
			isa = PBXVariantGroup;
			children = (
				CC175EBB21AC7E8E00865EBA /* Base */,
			);
			name = LaunchScreen.storyboard;
			sourceTree = "<group>";
		};
/* End PBXVariantGroup section */

/* Begin XCBuildConfiguration section */
		CC175EBE21AC7E8E00865EBA /* Debug */ = {
			isa = XCBuildConfiguration;
			buildSettings = {
				ALWAYS_SEARCH_USER_PATHS = NO;
				CLANG_ANALYZER_NONNULL = YES;
				CLANG_ANALYZER_NUMBER_OBJECT_CONVERSION = YES_AGGRESSIVE;
				CLANG_CXX_LANGUAGE_STANDARD = "gnu++14";
				CLANG_CXX_LIBRARY = "libc++";
				CLANG_ENABLE_MODULES = YES;
				CLANG_ENABLE_OBJC_ARC = YES;
				CLANG_ENABLE_OBJC_WEAK = YES;
				CLANG_WARN_BLOCK_CAPTURE_AUTORELEASING = YES;
				CLANG_WARN_BOOL_CONVERSION = YES;
				CLANG_WARN_COMMA = YES;
				CLANG_WARN_CONSTANT_CONVERSION = YES;
				CLANG_WARN_DEPRECATED_OBJC_IMPLEMENTATIONS = YES;
				CLANG_WARN_DIRECT_OBJC_ISA_USAGE = YES_ERROR;
				CLANG_WARN_DOCUMENTATION_COMMENTS = YES;
				CLANG_WARN_EMPTY_BODY = YES;
				CLANG_WARN_ENUM_CONVERSION = YES;
				CLANG_WARN_INFINITE_RECURSION = YES;
				CLANG_WARN_INT_CONVERSION = YES;
				CLANG_WARN_NON_LITERAL_NULL_CONVERSION = YES;
				CLANG_WARN_OBJC_IMPLICIT_RETAIN_SELF = YES;
				CLANG_WARN_OBJC_LITERAL_CONVERSION = YES;
				CLANG_WARN_OBJC_ROOT_CLASS = YES_ERROR;
				CLANG_WARN_QUOTED_INCLUDE_IN_FRAMEWORK_HEADER = YES;
				CLANG_WARN_RANGE_LOOP_ANALYSIS = YES;
				CLANG_WARN_STRICT_PROTOTYPES = YES;
				CLANG_WARN_SUSPICIOUS_MOVE = YES;
				CLANG_WARN_UNGUARDED_AVAILABILITY = YES_AGGRESSIVE;
				CLANG_WARN_UNREACHABLE_CODE = YES;
				CLANG_WARN__DUPLICATE_METHOD_MATCH = YES;
				CODE_SIGN_IDENTITY = "iPhone Developer";
				COPY_PHASE_STRIP = NO;
				DEBUG_INFORMATION_FORMAT = dwarf;
				ENABLE_STRICT_OBJC_MSGSEND = YES;
				ENABLE_TESTABILITY = YES;
				GCC_C_LANGUAGE_STANDARD = gnu11;
				GCC_DYNAMIC_NO_PIC = NO;
				GCC_NO_COMMON_BLOCKS = YES;
				GCC_OPTIMIZATION_LEVEL = 0;
				GCC_PREPROCESSOR_DEFINITIONS = (
					"DEBUG=1",
					"$(inherited)",
				);
				GCC_WARN_64_TO_32_BIT_CONVERSION = YES;
				GCC_WARN_ABOUT_RETURN_TYPE = YES_ERROR;
				GCC_WARN_UNDECLARED_SELECTOR = YES;
				GCC_WARN_UNINITIALIZED_AUTOS = YES_AGGRESSIVE;
				GCC_WARN_UNUSED_FUNCTION = YES;
				GCC_WARN_UNUSED_VARIABLE = YES;
				IPHONEOS_DEPLOYMENT_TARGET = 12.1;
				MTL_ENABLE_DEBUG_INFO = INCLUDE_SOURCE;
				MTL_FAST_MATH = YES;
				ONLY_ACTIVE_ARCH = YES;
				SDKROOT = iphoneos;
				SWIFT_ACTIVE_COMPILATION_CONDITIONS = DEBUG;
				SWIFT_OPTIMIZATION_LEVEL = "-Onone";
			};
			name = Debug;
		};
		CC175EBF21AC7E8E00865EBA /* Release */ = {
			isa = XCBuildConfiguration;
			buildSettings = {
				ALWAYS_SEARCH_USER_PATHS = NO;
				CLANG_ANALYZER_NONNULL = YES;
				CLANG_ANALYZER_NUMBER_OBJECT_CONVERSION = YES_AGGRESSIVE;
				CLANG_CXX_LANGUAGE_STANDARD = "gnu++14";
				CLANG_CXX_LIBRARY = "libc++";
				CLANG_ENABLE_MODULES = YES;
				CLANG_ENABLE_OBJC_ARC = YES;
				CLANG_ENABLE_OBJC_WEAK = YES;
				CLANG_WARN_BLOCK_CAPTURE_AUTORELEASING = YES;
				CLANG_WARN_BOOL_CONVERSION = YES;
				CLANG_WARN_COMMA = YES;
				CLANG_WARN_CONSTANT_CONVERSION = YES;
				CLANG_WARN_DEPRECATED_OBJC_IMPLEMENTATIONS = YES;
				CLANG_WARN_DIRECT_OBJC_ISA_USAGE = YES_ERROR;
				CLANG_WARN_DOCUMENTATION_COMMENTS = YES;
				CLANG_WARN_EMPTY_BODY = YES;
				CLANG_WARN_ENUM_CONVERSION = YES;
				CLANG_WARN_INFINITE_RECURSION = YES;
				CLANG_WARN_INT_CONVERSION = YES;
				CLANG_WARN_NON_LITERAL_NULL_CONVERSION = YES;
				CLANG_WARN_OBJC_IMPLICIT_RETAIN_SELF = YES;
				CLANG_WARN_OBJC_LITERAL_CONVERSION = YES;
				CLANG_WARN_OBJC_ROOT_CLASS = YES_ERROR;
				CLANG_WARN_QUOTED_INCLUDE_IN_FRAMEWORK_HEADER = YES;
				CLANG_WARN_RANGE_LOOP_ANALYSIS = YES;
				CLANG_WARN_STRICT_PROTOTYPES = YES;
				CLANG_WARN_SUSPICIOUS_MOVE = YES;
				CLANG_WARN_UNGUARDED_AVAILABILITY = YES_AGGRESSIVE;
				CLANG_WARN_UNREACHABLE_CODE = YES;
				CLANG_WARN__DUPLICATE_METHOD_MATCH = YES;
				CODE_SIGN_IDENTITY = "iPhone Developer";
				COPY_PHASE_STRIP = NO;
				DEBUG_INFORMATION_FORMAT = "dwarf-with-dsym";
				ENABLE_NS_ASSERTIONS = NO;
				ENABLE_STRICT_OBJC_MSGSEND = YES;
				GCC_C_LANGUAGE_STANDARD = gnu11;
				GCC_NO_COMMON_BLOCKS = YES;
				GCC_WARN_64_TO_32_BIT_CONVERSION = YES;
				GCC_WARN_ABOUT_RETURN_TYPE = YES_ERROR;
				GCC_WARN_UNDECLARED_SELECTOR = YES;
				GCC_WARN_UNINITIALIZED_AUTOS = YES_AGGRESSIVE;
				GCC_WARN_UNUSED_FUNCTION = YES;
				GCC_WARN_UNUSED_VARIABLE = YES;
				IPHONEOS_DEPLOYMENT_TARGET = 12.1;
				MTL_ENABLE_DEBUG_INFO = NO;
				MTL_FAST_MATH = YES;
				SDKROOT = iphoneos;
				SWIFT_COMPILATION_MODE = wholemodule;
				SWIFT_OPTIMIZATION_LEVEL = "-O";
				VALIDATE_PRODUCT = YES;
			};
			name = Release;
		};
		CC175EC121AC7E8E00865EBA /* Debug */ = {
			isa = XCBuildConfiguration;
			buildSettings = {
				ASSETCATALOG_COMPILER_APPICON_NAME = AppIcon;
				CODE_SIGN_STYLE = Automatic;
				DEVELOPMENT_TEAM = P3RTATVHK4;
				INFOPLIST_FILE = Xylophone/Info.plist;
				LD_RUNPATH_SEARCH_PATHS = (
					"$(inherited)",
					"@executable_path/Frameworks",
				);
				PRODUCT_BUNDLE_IDENTIFIER = com.julienshim.Xylophone;
				PRODUCT_NAME = "$(TARGET_NAME)";
				SWIFT_VERSION = 5.0;
				TARGETED_DEVICE_FAMILY = 1;
			};
			name = Debug;
		};
		CC175EC221AC7E8E00865EBA /* Release */ = {
			isa = XCBuildConfiguration;
			buildSettings = {
				ASSETCATALOG_COMPILER_APPICON_NAME = AppIcon;
				CODE_SIGN_STYLE = Automatic;
				DEVELOPMENT_TEAM = P3RTATVHK4;
				INFOPLIST_FILE = Xylophone/Info.plist;
				LD_RUNPATH_SEARCH_PATHS = (
					"$(inherited)",
					"@executable_path/Frameworks",
				);
				PRODUCT_BUNDLE_IDENTIFIER = com.julienshim.Xylophone;
				PRODUCT_NAME = "$(TARGET_NAME)";
				SWIFT_VERSION = 5.0;
				TARGETED_DEVICE_FAMILY = 1;
			};
			name = Release;
		};
/* End XCBuildConfiguration section */

/* Begin XCConfigurationList section */
		CC175EA921AC7E8D00865EBA /* Build configuration list for PBXProject "Xylophone" */ = {
			isa = XCConfigurationList;
			buildConfigurations = (
				CC175EBE21AC7E8E00865EBA /* Debug */,
				CC175EBF21AC7E8E00865EBA /* Release */,
			);
			defaultConfigurationIsVisible = 0;
			defaultConfigurationName = Release;
		};
		CC175EC021AC7E8E00865EBA /* Build configuration list for PBXNativeTarget "Xylophone" */ = {
			isa = XCConfigurationList;
			buildConfigurations = (
				CC175EC121AC7E8E00865EBA /* Debug */,
				CC175EC221AC7E8E00865EBA /* Release */,
			);
			defaultConfigurationIsVisible = 0;
			defaultConfigurationName = Release;
		};
/* End XCConfigurationList section */
	};
	rootObject = CC175EA621AC7E8D00865EBA /* Project object */;
}
